
Microsoft Visual Studio Solution File, Format Version 11.00
# Visual Studio 2010
Project("{FAE04EC0-301F-11D3-BF4B-00C04F79EFBC}") = "ECSV", "ECSV\ECSV.csproj", "{85895334-7CBC-4A74-A403-6396F919B0D7}"
EndProject
Global
	GlobalSection(SourceCodeControl) = preSolution
		SccNumberOfProjects = 1
		SccProjectUniqueName0 = ECSV\\ECSV.csproj
		SccProjectName0 = \u0022$/SWITCH-MG5/Conversor/PipelineComponents/ECSV\u0022,\u0020QBIAAAAA
		SccLocalPath0 = ECSV
		SccProvider0 = MSSCCI:Microsoft\u0020Visual\u0020SourceSafe
	EndGlobalSection
	GlobalSection(SolutionConfigurationPlatforms) = preSolution
		Debug|Any CPU = Debug|Any CPU
		Release|Any CPU = Release|Any CPU
	EndGlobalSection
	GlobalSection(ProjectConfigurationPlatforms) = postSolution
		{85895334-7CBC-4A74-A403-6396F919B0D7}.Debug|Any CPU.ActiveCfg = Debug|Any CPU
		{85895334-7CBC-4A74-A403-6396F919B0D7}.Debug|Any CPU.Build.0 = Debug|Any CPU
		{85895334-7CBC-4A74-A403-6396F919B0D7}.Release|Any CPU.ActiveCfg = Release|Any CPU
		{85895334-7CBC-4A74-A403-6396F919B0D7}.Release|Any CPU.Build.0 = Release|Any CPU
	EndGlobalSection
	GlobalSection(SolutionProperties) = preSolution
		HideSolutionNode = FALSE
	EndGlobalSection
EndGlobal
